github.com/sarodeajayprasad/dog v0.0.0-20231110170500-e7bafe254ccb h1:aibLMAHr4QyeAhbgZAdRMNb/FxEQzRzGwcRv/9921IY=
github.com/sarodeajayprasad/dog v0.0.0-20231110170500-e7bafe254ccb/go.mod h1:V1AB0W/jzEa1e44SKLa3Tn0l6G4zRm4XXA5L2mz7H08=
github.com/sarodeajayprasad/puppy v0.0.0-20231110171144-aed42fd11362 h1:gqlwwbjGh0pcocUm9THLE8/qKRZhS6gCiiO7wNIYyrM=
github.com/sarodeajayprasad/puppy v0.0.0-20231110171144-aed42fd11362/go.mod h1:43lwnqZMH3IIFuX4ij/XU5ltO3Vxtsg46Rw8UuIBMpw=
github.com/sarodeajayprasad/puppy v1.3.0 h1:S1tRuvGAsrBx7+63Vu0p0VHg9G6e+jVWHEVKHoE/WfY=
github.com/sarodeajayprasad/puppy v1.3.0/go.mod h1:43lwnqZMH3IIFuX4ij/XU5ltO3Vxtsg46Rw8UuIBMpw=
